
Microsoft Visual Studio Solution File, Format Version 12.00
# Visual Studio Version 16
VisualStudioVersion = 16.0.30907.101
MinimumVisualStudioVersion = 10.0.40219.1
Project("{8BC9CEB8-8B4A-11D0-8D11-00A0C91BC942}") = "B4QFL", "B4QFL.vcxproj", "{02DF1325-E905-4340-AF42-290B01D41396}"
EndProject
Global
	GlobalSection(SolutionConfigurationPlatforms) = preSolution
		Debug|x64 = Debug|x64
		Debug|x86 = Debug|x86
		Release|x64 = Release|x64
		Release|x86 = Release|x86
	EndGlobalSection
	GlobalSection(ProjectConfigurationPlatforms) = postSolution
		{02DF1325-E905-4340-AF42-290B01D41396}.Debug|x64.ActiveCfg = Debug|x64
		{02DF1325-E905-4340-AF42-290B01D41396}.Debug|x64.Build.0 = Debug|x64
		{02DF1325-E905-4340-AF42-290B01D41396}.Debug|x86.ActiveCfg = Debug|Win32
		{02DF1325-E905-4340-AF42-290B01D41396}.Debug|x86.Build.0 = Debug|Win32
		{02DF1325-E905-4340-AF42-290B01D41396}.Release|x64.ActiveCfg = Release|x64
		{02DF1325-E905-4340-AF42-290B01D41396}.Release|x64.Build.0 = Release|x64
		{02DF1325-E905-4340-AF42-290B01D41396}.Release|x86.ActiveCfg = Release|Win32
		{02DF1325-E905-4340-AF42-290B01D41396}.Release|x86.Build.0 = Release|Win32
	EndGlobalSection
	GlobalSection(SolutionProperties) = preSolution
		HideSolutionNode = FALSE
	EndGlobalSection
	GlobalSection(ExtensibilityGlobals) = postSolution
		SolutionGuid = {80B0E4E3-166A-45CD-BF03-DD87A4A3A992}
	EndGlobalSection
EndGlobal
